<?xml version="1.0" encoding="utf-8"?>
<Project ToolsVersion="4.0" xmlns="http://schemas.microsoft.com/developer/msbuild/2003">
  <ItemGroup>
    <Filter Include="Source Files">
      <UniqueIdentifier>{b97d5f97-b943-4399-843a-33654f9b253a}</UniqueIdentifier>
      <Extensions>cpp;c;cxx;def;odl;idl;hpj;bat;asm;h;hpp;hxx;hm;inl</Extensions>
    </Filter>
  </ItemGroup>
  <ItemGroup>
    <ClCompile Include="AssemblyInfo.cpp">
      <Filter>Source Files</Filter>
    </ClCompile>
    <ClCompile Include="..\Wrapper\cCertVerifier.cpp">
      <Filter>Source Files</Filter>
    </ClCompile>
    <ClCompile Include="..\Wrapper\cCommon.cpp">
      <Filter>Source Files</Filter>
    </ClCompile>
    <ClCompile Include="..\Wrapper\cEmailBuilder.cpp">
      <Filter>Source Files</Filter>
    </ClCompile>
    <ClCompile Include="..\Wrapper\cEmailParser.cpp">
      <Filter>Source Files</Filter>
    </ClCompile>
    <ClCompile Include="..\Wrapper\cImap.cpp">
      <Filter>Source Files</Filter>
    </ClCompile>
    <ClCompile Include="Common.cpp">
      <Filter>Source Files</Filter>
    </ClCompile>
    <ClCompile Include="..\Wrapper\cPop3.cpp">
      <Filter>Source Files</Filter>
    </ClCompile>
    <ClCompile Include="..\Wrapper\cSmtp.cpp">
      <Filter>Source Files</Filter>
    </ClCompile>
    <ClCompile Include="EmailBuilder.cpp">
      <Filter>Source Files</Filter>
    </ClCompile>
    <ClCompile Include="EmailParser.cpp">
      <Filter>Source Files</Filter>
    </ClCompile>
    <ClCompile Include="Imap.cpp">
      <Filter>Source Files</Filter>
    </ClCompile>
    <ClCompile Include="Pop3.cpp">
      <Filter>Source Files</Filter>
    </ClCompile>
    <ClCompile Include="Smtp.cpp">
      <Filter>Source Files</Filter>
    </ClCompile>
    <ClCompile Include="Stdafx.cpp">
      <Filter>Source Files</Filter>
    </ClCompile>
  </ItemGroup>
  <ItemGroup>
    <ClInclude Include="..\Wrapper\cCertVerifier.hpp">
      <Filter>Source Files</Filter>
    </ClInclude>
    <ClInclude Include="..\Wrapper\cCommon.hpp">
      <Filter>Source Files</Filter>
    </ClInclude>
    <ClInclude Include="..\Wrapper\cEmailBuilder.hpp">
      <Filter>Source Files</Filter>
    </ClInclude>
    <ClInclude Include="..\Wrapper\cEmailParser.hpp">
      <Filter>Source Files</Filter>
    </ClInclude>
    <ClInclude Include="..\Wrapper\cImap.hpp">
      <Filter>Source Files</Filter>
    </ClInclude>
    <ClInclude Include="Common.hpp">
      <Filter>Source Files</Filter>
    </ClInclude>
    <ClInclude Include="..\Wrapper\cPop3.hpp">
      <Filter>Source Files</Filter>
    </ClInclude>
    <ClInclude Include="..\Wrapper\cSmtp.hpp">
      <Filter>Source Files</Filter>
    </ClInclude>
    <ClInclude Include="EmailBuilder.hpp">
      <Filter>Source Files</Filter>
    </ClInclude>
    <ClInclude Include="EmailParser.hpp">
      <Filter>Source Files</Filter>
    </ClInclude>
    <ClInclude Include="Imap.hpp">
      <Filter>Source Files</Filter>
    </ClInclude>
    <ClInclude Include="Pop3.hpp">
      <Filter>Source Files</Filter>
    </ClInclude>
    <ClInclude Include="resource.h">
      <Filter>Source Files</Filter>
    </ClInclude>
    <ClInclude Include="Smtp.hpp">
      <Filter>Source Files</Filter>
    </ClInclude>
    <ClInclude Include="Stdafx.h">
      <Filter>Source Files</Filter>
    </ClInclude>
  </ItemGroup>
  <ItemGroup>
    <Text Include="..\Wrapper\MimeTypes.txt" />
    <Text Include="..\Wrapper\RootCA.txt" />
  </ItemGroup>
  <ItemGroup>
    <ResourceCompile Include="Resource.rc" />
  </ItemGroup>
</Project>