<?xml version="1.0" encoding="utf-8"?>
<Project ToolsVersion="4.0" xmlns="http://schemas.microsoft.com/developer/msbuild/2003">
  <ItemGroup>
    <Filter Include="Source Files">
      <UniqueIdentifier>{4FC737F1-C7A5-4376-A066-2A32D752A2FF}</UniqueIdentifier>
      <Extensions>cpp;c;cc;cxx;def;odl;idl;hpj;bat;asm;asmx</Extensions>
    </Filter>
  </ItemGroup>
  <ItemGroup>
    <ClCompile Include="src\vmime\address.cpp">
      <Filter>Source Files</Filter>
    </ClCompile>
    <ClCompile Include="src\vmime\addressList.cpp">
      <Filter>Source Files</Filter>
    </ClCompile>
    <ClCompile Include="src\vmime\attachmentHelper.cpp">
      <Filter>Source Files</Filter>
    </ClCompile>
    <ClCompile Include="src\vmime\utility\encoder\b64Encoder.cpp">
      <Filter>Source Files</Filter>
    </ClCompile>
    <ClCompile Include="src\vmime\base.cpp">
      <Filter>Source Files</Filter>
    </ClCompile>
    <ClCompile Include="src\vmime\utility\encoder\binaryEncoder.cpp">
      <Filter>Source Files</Filter>
    </ClCompile>
    <ClCompile Include="src\vmime\body.cpp">
      <Filter>Source Files</Filter>
    </ClCompile>
    <ClCompile Include="src\vmime\bodyPart.cpp">
      <Filter>Source Files</Filter>
    </ClCompile>
    <ClCompile Include="src\vmime\bodyPartAttachment.cpp">
      <Filter>Source Files</Filter>
    </ClCompile>
    <ClCompile Include="src\vmime\security\sasl\builtinSASLMechanism.cpp">
      <Filter>Source Files</Filter>
    </ClCompile>
    <ClCompile Include="src\vmime\security\cert\certificateChain.cpp">
      <Filter>Source Files</Filter>
    </ClCompile>
    <ClCompile Include="src\vmime\charset.cpp">
      <Filter>Source Files</Filter>
    </ClCompile>
    <ClCompile Include="src\vmime\charsetConverter.cpp">
      <Filter>Source Files</Filter>
    </ClCompile>
    <ClCompile Include="src\vmime\charsetConverter_iconv.cpp">
      <Filter>Source Files</Filter>
    </ClCompile>
    <ClCompile Include="src\vmime\charsetConverter_icu.cpp">
      <Filter>Source Files</Filter>
    </ClCompile>
    <ClCompile Include="src\vmime\charsetConverter_idna.cpp">
      <Filter>Source Files</Filter>
    </ClCompile>
    <ClCompile Include="src\vmime\charsetConverter_Win.cpp">
      <Filter>Source Files</Filter>
    </ClCompile>
    <ClCompile Include="src\vmime\charsetConverterOptions.cpp">
      <Filter>Source Files</Filter>
    </ClCompile>
    <ClCompile Include="src\vmime\component.cpp">
      <Filter>Source Files</Filter>
    </ClCompile>
    <ClCompile Include="src\vmime\constants.cpp">
      <Filter>Source Files</Filter>
    </ClCompile>
    <ClCompile Include="src\vmime\contentDisposition.cpp">
      <Filter>Source Files</Filter>
    </ClCompile>
    <ClCompile Include="src\vmime\contentDispositionField.cpp">
      <Filter>Source Files</Filter>
    </ClCompile>
    <ClCompile Include="src\vmime\contentHandler.cpp">
      <Filter>Source Files</Filter>
    </ClCompile>
    <ClCompile Include="src\vmime\contentTypeField.cpp">
      <Filter>Source Files</Filter>
    </ClCompile>
    <ClCompile Include="src\vmime\context.cpp">
      <Filter>Source Files</Filter>
    </ClCompile>
    <ClCompile Include="src\vmime\net\maildir\format\courierMaildirFormat.cpp">
      <Filter>Source Files</Filter>
    </ClCompile>
    <ClCompile Include="src\vmime\utility\sync\criticalSection.cpp">
      <Filter>Source Files</Filter>
    </ClCompile>
    <ClCompile Include="src\vmime\dateTime.cpp">
      <Filter>Source Files</Filter>
    </ClCompile>
    <ClCompile Include="src\vmime\utility\datetimeUtils.cpp">
      <Filter>Source Files</Filter>
    </ClCompile>
    <ClCompile Include="src\vmime\defaultAttachment.cpp">
      <Filter>Source Files</Filter>
    </ClCompile>
    <ClCompile Include="src\vmime\security\defaultAuthenticator.cpp">
      <Filter>Source Files</Filter>
    </ClCompile>
    <ClCompile Include="src\vmime\security\cert\defaultCertificateVerifier.cpp">
      <Filter>Source Files</Filter>
    </ClCompile>
    <ClCompile Include="src\vmime\net\defaultConnectionInfos.cpp">
      <Filter>Source Files</Filter>
    </ClCompile>
    <ClCompile Include="src\vmime\security\sasl\defaultSASLAuthenticator.cpp">
      <Filter>Source Files</Filter>
    </ClCompile>
    <ClCompile Include="src\vmime\disposition.cpp">
      <Filter>Source Files</Filter>
    </ClCompile>
    <ClCompile Include="src\vmime\utility\encoder\eightBitEncoder.cpp">
      <Filter>Source Files</Filter>
    </ClCompile>
    <ClCompile Include="src\vmime\emailAddress.cpp">
      <Filter>Source Files</Filter>
    </ClCompile>
    <ClCompile Include="src\vmime\emptyContentHandler.cpp">
      <Filter>Source Files</Filter>
    </ClCompile>
    <ClCompile Include="src\vmime\utility\encoder\encoder.cpp">
      <Filter>Source Files</Filter>
    </ClCompile>
    <ClCompile Include="src\vmime\utility\encoder\encoderFactory.cpp">
      <Filter>Source Files</Filter>
    </ClCompile>
    <ClCompile Include="src\vmime\encoding.cpp">
      <Filter>Source Files</Filter>
    </ClCompile>
    <ClCompile Include="src\vmime\net\events.cpp">
      <Filter>Source Files</Filter>
    </ClCompile>
    <ClCompile Include="src\vmime\exception.cpp">
      <Filter>Source Files</Filter>
    </ClCompile>
    <ClCompile Include="src\vmime\fileAttachment.cpp">
      <Filter>Source Files</Filter>
    </ClCompile>
    <ClCompile Include="src\vmime\fileContentHandler.cpp">
      <Filter>Source Files</Filter>
    </ClCompile>
    <ClCompile Include="src\vmime\utility\filteredStream.cpp">
      <Filter>Source Files</Filter>
    </ClCompile>
    <ClCompile Include="src\vmime\net\folder.cpp">
      <Filter>Source Files</Filter>
    </ClCompile>
    <ClCompile Include="src\vmime\generatedMessageAttachment.cpp">
      <Filter>Source Files</Filter>
    </ClCompile>
    <ClCompile Include="src\vmime\generationContext.cpp">
      <Filter>Source Files</Filter>
    </ClCompile>
    <ClCompile Include="src\vmime\header.cpp">
      <Filter>Source Files</Filter>
    </ClCompile>
    <ClCompile Include="src\vmime\headerField.cpp">
      <Filter>Source Files</Filter>
    </ClCompile>
    <ClCompile Include="src\vmime\headerFieldFactory.cpp">
      <Filter>Source Files</Filter>
    </ClCompile>
    <ClCompile Include="src\vmime\headerFieldValue.cpp">
      <Filter>Source Files</Filter>
    </ClCompile>
    <ClCompile Include="src\vmime\htmlTextPart.cpp">
      <Filter>Source Files</Filter>
    </ClCompile>
    <ClCompile Include="src\vmime\net\imap\IMAPConnection.cpp">
      <Filter>Source Files</Filter>
    </ClCompile>
    <ClCompile Include="src\vmime\net\imap\IMAPFolder.cpp">
      <Filter>Source Files</Filter>
    </ClCompile>
    <ClCompile Include="src\vmime\net\imap\IMAPFolderStatus.cpp">
      <Filter>Source Files</Filter>
    </ClCompile>
    <ClCompile Include="src\vmime\net\imap\IMAPMessage.cpp">
      <Filter>Source Files</Filter>
    </ClCompile>
    <ClCompile Include="src\vmime\net\imap\IMAPMessagePart.cpp">
      <Filter>Source Files</Filter>
    </ClCompile>
    <ClCompile Include="src\vmime\net\imap\IMAPMessagePartContentHandler.cpp">
      <Filter>Source Files</Filter>
    </ClCompile>
    <ClCompile Include="src\vmime\net\imap\IMAPMessageStructure.cpp">
      <Filter>Source Files</Filter>
    </ClCompile>
    <ClCompile Include="src\vmime\net\imap\IMAPServiceInfos.cpp">
      <Filter>Source Files</Filter>
    </ClCompile>
    <ClCompile Include="src\vmime\net\imap\IMAPSStore.cpp">
      <Filter>Source Files</Filter>
    </ClCompile>
    <ClCompile Include="src\vmime\net\imap\IMAPStore.cpp">
      <Filter>Source Files</Filter>
    </ClCompile>
    <ClCompile Include="src\vmime\net\imap\IMAPTag.cpp">
      <Filter>Source Files</Filter>
    </ClCompile>
    <ClCompile Include="src\vmime\net\imap\IMAPUtils.cpp">
      <Filter>Source Files</Filter>
    </ClCompile>
    <ClCompile Include="src\vmime\misc\importanceHelper.cpp">
      <Filter>Source Files</Filter>
    </ClCompile>
    <ClCompile Include="src\vmime\utility\inputStream.cpp">
      <Filter>Source Files</Filter>
    </ClCompile>
    <ClCompile Include="src\vmime\utility\inputStreamAdapter.cpp">
      <Filter>Source Files</Filter>
    </ClCompile>
    <ClCompile Include="src\vmime\utility\inputStreamByteBufferAdapter.cpp">
      <Filter>Source Files</Filter>
    </ClCompile>
    <ClCompile Include="src\vmime\utility\inputStreamPointerAdapter.cpp">
      <Filter>Source Files</Filter>
    </ClCompile>
    <ClCompile Include="src\vmime\utility\inputStreamSocketAdapter.cpp">
      <Filter>Source Files</Filter>
    </ClCompile>
    <ClCompile Include="src\vmime\utility\inputStreamStringAdapter.cpp">
      <Filter>Source Files</Filter>
    </ClCompile>
    <ClCompile Include="src\vmime\utility\inputStreamStringProxyAdapter.cpp">
      <Filter>Source Files</Filter>
    </ClCompile>
    <ClCompile Include="src\vmime\net\maildir\format\kmailMaildirFormat.cpp">
      <Filter>Source Files</Filter>
    </ClCompile>
    <ClCompile Include="src\vmime\mailbox.cpp">
      <Filter>Source Files</Filter>
    </ClCompile>
    <ClCompile Include="src\vmime\mailboxField.cpp">
      <Filter>Source Files</Filter>
    </ClCompile>
    <ClCompile Include="src\vmime\mailboxGroup.cpp">
      <Filter>Source Files</Filter>
    </ClCompile>
    <ClCompile Include="src\vmime\mailboxList.cpp">
      <Filter>Source Files</Filter>
    </ClCompile>
    <ClCompile Include="src\vmime\net\maildir\maildirFolder.cpp">
      <Filter>Source Files</Filter>
    </ClCompile>
    <ClCompile Include="src\vmime\net\maildir\maildirFolderStatus.cpp">
      <Filter>Source Files</Filter>
    </ClCompile>
    <ClCompile Include="src\vmime\net\maildir\maildirFormat.cpp">
      <Filter>Source Files</Filter>
    </ClCompile>
    <ClCompile Include="src\vmime\net\maildir\maildirMessage.cpp">
      <Filter>Source Files</Filter>
    </ClCompile>
    <ClCompile Include="src\vmime\net\maildir\maildirMessagePart.cpp">
      <Filter>Source Files</Filter>
    </ClCompile>
    <ClCompile Include="src\vmime\net\maildir\maildirMessageStructure.cpp">
      <Filter>Source Files</Filter>
    </ClCompile>
    <ClCompile Include="src\vmime\net\maildir\maildirServiceInfos.cpp">
      <Filter>Source Files</Filter>
    </ClCompile>
    <ClCompile Include="src\vmime\net\maildir\maildirStore.cpp">
      <Filter>Source Files</Filter>
    </ClCompile>
    <ClCompile Include="src\vmime\net\maildir\maildirUtils.cpp">
      <Filter>Source Files</Filter>
    </ClCompile>
    <ClCompile Include="src\vmime\security\digest\md5\md5MessageDigest.cpp">
      <Filter>Source Files</Filter>
    </ClCompile>
    <ClCompile Include="src\vmime\mdn\MDNHelper.cpp">
      <Filter>Source Files</Filter>
    </ClCompile>
    <ClCompile Include="src\vmime\mdn\MDNInfos.cpp">
      <Filter>Source Files</Filter>
    </ClCompile>
    <ClCompile Include="src\vmime\mediaType.cpp">
      <Filter>Source Files</Filter>
    </ClCompile>
    <ClCompile Include="src\vmime\net\message.cpp">
      <Filter>Source Files</Filter>
    </ClCompile>
    <ClCompile Include="src\vmime\message.cpp">
      <Filter>Source Files</Filter>
    </ClCompile>
    <ClCompile Include="src\vmime\messageBuilder.cpp">
      <Filter>Source Files</Filter>
    </ClCompile>
    <ClCompile Include="src\vmime\security\digest\messageDigest.cpp">
      <Filter>Source Files</Filter>
    </ClCompile>
    <ClCompile Include="src\vmime\security\digest\messageDigestFactory.cpp">
      <Filter>Source Files</Filter>
    </ClCompile>
    <ClCompile Include="src\vmime\messageId.cpp">
      <Filter>Source Files</Filter>
    </ClCompile>
    <ClCompile Include="src\vmime\messageIdSequence.cpp">
      <Filter>Source Files</Filter>
    </ClCompile>
    <ClCompile Include="src\vmime\messageParser.cpp">
      <Filter>Source Files</Filter>
    </ClCompile>
    <ClCompile Include="src\vmime\net\messageSet.cpp">
      <Filter>Source Files</Filter>
    </ClCompile>
    <ClCompile Include="src\vmime\utility\encoder\noopEncoder.cpp">
      <Filter>Source Files</Filter>
    </ClCompile>
    <ClCompile Include="src\vmime\object.cpp">
      <Filter>Source Files</Filter>
    </ClCompile>
    <ClCompile Include="src\vmime\net\tls\openssl\OpenSSLInitializer.cpp">
      <Filter>Source Files</Filter>
    </ClCompile>
    <ClCompile Include="src\vmime\utility\outputStream.cpp">
      <Filter>Source Files</Filter>
    </ClCompile>
    <ClCompile Include="src\vmime\utility\outputStreamAdapter.cpp">
      <Filter>Source Files</Filter>
    </ClCompile>
    <ClCompile Include="src\vmime\utility\outputStreamByteArrayAdapter.cpp">
      <Filter>Source Files</Filter>
    </ClCompile>
    <ClCompile Include="src\vmime\utility\outputStreamSocketAdapter.cpp">
      <Filter>Source Files</Filter>
    </ClCompile>
    <ClCompile Include="src\vmime\utility\outputStreamStringAdapter.cpp">
      <Filter>Source Files</Filter>
    </ClCompile>
    <ClCompile Include="src\vmime\parameter.cpp">
      <Filter>Source Files</Filter>
    </ClCompile>
    <ClCompile Include="src\vmime\parameterizedHeaderField.cpp">
      <Filter>Source Files</Filter>
    </ClCompile>
    <ClCompile Include="src\vmime\parsedMessageAttachment.cpp">
      <Filter>Source Files</Filter>
    </ClCompile>
    <ClCompile Include="src\vmime\utility\parserInputStreamAdapter.cpp">
      <Filter>Source Files</Filter>
    </ClCompile>
    <ClCompile Include="src\vmime\parsingContext.cpp">
      <Filter>Source Files</Filter>
    </ClCompile>
    <ClCompile Include="src\vmime\path.cpp">
      <Filter>Source Files</Filter>
    </ClCompile>
    <ClCompile Include="src\vmime\utility\path.cpp">
      <Filter>Source Files</Filter>
    </ClCompile>
    <ClCompile Include="src\vmime\plainTextPart.cpp">
      <Filter>Source Files</Filter>
    </ClCompile>
    <ClCompile Include="src\vmime\platform.cpp">
      <Filter>Source Files</Filter>
    </ClCompile>
    <ClCompile Include="src\vmime\net\pop3\POP3Command.cpp">
      <Filter>Source Files</Filter>
    </ClCompile>
    <ClCompile Include="src\vmime\net\pop3\POP3Connection.cpp">
      <Filter>Source Files</Filter>
    </ClCompile>
    <ClCompile Include="src\vmime\net\pop3\POP3Folder.cpp">
      <Filter>Source Files</Filter>
    </ClCompile>
    <ClCompile Include="src\vmime\net\pop3\POP3FolderStatus.cpp">
      <Filter>Source Files</Filter>
    </ClCompile>
    <ClCompile Include="src\vmime\net\pop3\POP3Message.cpp">
      <Filter>Source Files</Filter>
    </ClCompile>
    <ClCompile Include="src\vmime\net\pop3\POP3Response.cpp">
      <Filter>Source Files</Filter>
    </ClCompile>
    <ClCompile Include="src\vmime\net\pop3\POP3ServiceInfos.cpp">
      <Filter>Source Files</Filter>
    </ClCompile>
    <ClCompile Include="src\vmime\net\pop3\POP3SStore.cpp">
      <Filter>Source Files</Filter>
    </ClCompile>
    <ClCompile Include="src\vmime\net\pop3\POP3Store.cpp">
      <Filter>Source Files</Filter>
    </ClCompile>
    <ClCompile Include="src\vmime\net\pop3\POP3Utils.cpp">
      <Filter>Source Files</Filter>
    </ClCompile>
    <ClCompile Include="src\vmime\utility\progressListener.cpp">
      <Filter>Source Files</Filter>
    </ClCompile>
    <ClCompile Include="src\vmime\propertySet.cpp">
      <Filter>Source Files</Filter>
    </ClCompile>
    <ClCompile Include="src\vmime\utility\encoder\qpEncoder.cpp">
      <Filter>Source Files</Filter>
    </ClCompile>
    <ClCompile Include="src\vmime\utility\random.cpp">
      <Filter>Source Files</Filter>
    </ClCompile>
    <ClCompile Include="src\vmime\mdn\receivedMDNInfos.cpp">
      <Filter>Source Files</Filter>
    </ClCompile>
    <ClCompile Include="src\vmime\relay.cpp">
      <Filter>Source Files</Filter>
    </ClCompile>
    <ClCompile Include="src\vmime\security\sasl\SASLContext.cpp">
      <Filter>Source Files</Filter>
    </ClCompile>
    <ClCompile Include="src\vmime\security\sasl\SASLMechanismFactory.cpp">
      <Filter>Source Files</Filter>
    </ClCompile>
    <ClCompile Include="src\vmime\security\sasl\SASLSession.cpp">
      <Filter>Source Files</Filter>
    </ClCompile>
    <ClCompile Include="src\vmime\security\sasl\SASLSocket.cpp">
      <Filter>Source Files</Filter>
    </ClCompile>
    <ClCompile Include="src\vmime\utility\seekableInputStreamRegionAdapter.cpp">
      <Filter>Source Files</Filter>
    </ClCompile>
    <ClCompile Include="src\vmime\mdn\sendableMDNInfos.cpp">
      <Filter>Source Files</Filter>
    </ClCompile>
    <ClCompile Include="src\vmime\net\sendmail\sendmailServiceInfos.cpp">
      <Filter>Source Files</Filter>
    </ClCompile>
    <ClCompile Include="src\vmime\net\sendmail\sendmailTransport.cpp">
      <Filter>Source Files</Filter>
    </ClCompile>
    <ClCompile Include="src\vmime\net\service.cpp">
      <Filter>Source Files</Filter>
    </ClCompile>
    <ClCompile Include="src\vmime\net\serviceFactory.cpp">
      <Filter>Source Files</Filter>
    </ClCompile>
    <ClCompile Include="src\vmime\net\serviceInfos.cpp">
      <Filter>Source Files</Filter>
    </ClCompile>
    <ClCompile Include="src\vmime\net\session.cpp">
      <Filter>Source Files</Filter>
    </ClCompile>
    <ClCompile Include="src\vmime\utility\encoder\sevenBitEncoder.cpp">
      <Filter>Source Files</Filter>
    </ClCompile>
    <ClCompile Include="src\vmime\security\digest\sha1\sha1MessageDigest.cpp">
      <Filter>Source Files</Filter>
    </ClCompile>
    <ClCompile Include="src\vmime\utility\smartPtr.cpp">
      <Filter>Source Files</Filter>
    </ClCompile>
    <ClCompile Include="src\vmime\utility\smartPtrInt.cpp">
      <Filter>Source Files</Filter>
    </ClCompile>
    <ClCompile Include="src\vmime\net\smtp\SMTPChunkingOutputStreamAdapter.cpp">
      <Filter>Source Files</Filter>
    </ClCompile>
    <ClCompile Include="src\vmime\net\smtp\SMTPCommand.cpp">
      <Filter>Source Files</Filter>
    </ClCompile>
    <ClCompile Include="src\vmime\net\smtp\SMTPCommandSet.cpp">
      <Filter>Source Files</Filter>
    </ClCompile>
    <ClCompile Include="src\vmime\net\smtp\SMTPConnection.cpp">
      <Filter>Source Files</Filter>
    </ClCompile>
    <ClCompile Include="src\vmime\net\smtp\SMTPExceptions.cpp">
      <Filter>Source Files</Filter>
    </ClCompile>
    <ClCompile Include="src\vmime\net\smtp\SMTPResponse.cpp">
      <Filter>Source Files</Filter>
    </ClCompile>
    <ClCompile Include="src\vmime\net\smtp\SMTPServiceInfos.cpp">
      <Filter>Source Files</Filter>
    </ClCompile>
    <ClCompile Include="src\vmime\net\smtp\SMTPSTransport.cpp">
      <Filter>Source Files</Filter>
    </ClCompile>
    <ClCompile Include="src\vmime\net\smtp\SMTPTransport.cpp">
      <Filter>Source Files</Filter>
    </ClCompile>
    <ClCompile Include="src\vmime\utility\stream.cpp">
      <Filter>Source Files</Filter>
    </ClCompile>
    <ClCompile Include="src\vmime\streamContentHandler.cpp">
      <Filter>Source Files</Filter>
    </ClCompile>
    <ClCompile Include="src\vmime\utility\streamUtils.cpp">
      <Filter>Source Files</Filter>
    </ClCompile>
    <ClCompile Include="src\vmime\stringContentHandler.cpp">
      <Filter>Source Files</Filter>
    </ClCompile>
    <ClCompile Include="src\vmime\utility\stringProxy.cpp">
      <Filter>Source Files</Filter>
    </ClCompile>
    <ClCompile Include="src\vmime\utility\stringUtils.cpp">
      <Filter>Source Files</Filter>
    </ClCompile>
    <ClCompile Include="src\vmime\text.cpp">
      <Filter>Source Files</Filter>
    </ClCompile>
    <ClCompile Include="src\vmime\textPartFactory.cpp">
      <Filter>Source Files</Filter>
    </ClCompile>
    <ClCompile Include="src\vmime\net\tls\TLSProperties.cpp">
      <Filter>Source Files</Filter>
    </ClCompile>
    <ClCompile Include="src\vmime\net\tls\gnutls\TLSProperties_GnuTLS.cpp">
      <Filter>Source Files</Filter>
    </ClCompile>
    <ClCompile Include="src\vmime\net\tls\openssl\TLSProperties_OpenSSL.cpp">
      <Filter>Source Files</Filter>
    </ClCompile>
    <ClCompile Include="src\vmime\net\tls\TLSSecuredConnectionInfos.cpp">
      <Filter>Source Files</Filter>
    </ClCompile>
    <ClCompile Include="src\vmime\net\tls\TLSSession.cpp">
      <Filter>Source Files</Filter>
    </ClCompile>
    <ClCompile Include="src\vmime\net\tls\gnutls\TLSSession_GnuTLS.cpp">
      <Filter>Source Files</Filter>
    </ClCompile>
    <ClCompile Include="src\vmime\net\tls\openssl\TLSSession_OpenSSL.cpp">
      <Filter>Source Files</Filter>
    </ClCompile>
    <ClCompile Include="src\vmime\net\tls\TLSSocket.cpp">
      <Filter>Source Files</Filter>
    </ClCompile>
    <ClCompile Include="src\vmime\net\tls\gnutls\TLSSocket_GnuTLS.cpp">
      <Filter>Source Files</Filter>
    </ClCompile>
    <ClCompile Include="src\vmime\net\tls\openssl\TLSSocket_OpenSSL.cpp">
      <Filter>Source Files</Filter>
    </ClCompile>
    <ClCompile Include="src\vmime\net\transport.cpp">
      <Filter>Source Files</Filter>
    </ClCompile>
    <ClCompile Include="src\vmime\utility\url.cpp">
      <Filter>Source Files</Filter>
    </ClCompile>
    <ClCompile Include="src\vmime\utility\urlUtils.cpp">
      <Filter>Source Files</Filter>
    </ClCompile>
    <ClCompile Include="src\vmime\utility\encoder\uuEncoder.cpp">
      <Filter>Source Files</Filter>
    </ClCompile>
    <ClCompile Include="src\vmime\platforms\windows\windowsCriticalSection.cpp">
      <Filter>Source Files</Filter>
    </ClCompile>
    <ClCompile Include="src\vmime\platforms\windows\windowsFile.cpp">
      <Filter>Source Files</Filter>
    </ClCompile>
    <ClCompile Include="src\vmime\platforms\windows\windowsHandler.cpp">
      <Filter>Source Files</Filter>
    </ClCompile>
    <ClCompile Include="src\vmime\platforms\windows\windowsSocket.cpp">
      <Filter>Source Files</Filter>
    </ClCompile>
    <ClCompile Include="src\vmime\word.cpp">
      <Filter>Source Files</Filter>
    </ClCompile>
    <ClCompile Include="src\vmime\wordEncoder.cpp">
      <Filter>Source Files</Filter>
    </ClCompile>
    <ClCompile Include="src\vmime\security\cert\X509Certificate.cpp">
      <Filter>Source Files</Filter>
    </ClCompile>
    <ClCompile Include="src\vmime\security\cert\gnutls\X509Certificate_GnuTLS.cpp">
      <Filter>Source Files</Filter>
    </ClCompile>
    <ClCompile Include="src\vmime\security\cert\openssl\X509Certificate_OpenSSL.cpp">
      <Filter>Source Files</Filter>
    </ClCompile>
  </ItemGroup>
  <ItemGroup>
    <ClInclude Include="src\vmime\address.hpp">
      <Filter>Source Files</Filter>
    </ClInclude>
    <ClInclude Include="src\vmime\addressList.hpp">
      <Filter>Source Files</Filter>
    </ClInclude>
    <ClInclude Include="src\vmime\attachment.hpp">
      <Filter>Source Files</Filter>
    </ClInclude>
    <ClInclude Include="src\vmime\attachmentHelper.hpp">
      <Filter>Source Files</Filter>
    </ClInclude>
    <ClInclude Include="src\vmime\security\authenticator.hpp">
      <Filter>Source Files</Filter>
    </ClInclude>
    <ClInclude Include="src\vmime\utility\sync\autoLock.hpp">
      <Filter>Source Files</Filter>
    </ClInclude>
    <ClInclude Include="src\vmime\utility\encoder\b64Encoder.hpp">
      <Filter>Source Files</Filter>
    </ClInclude>
    <ClInclude Include="src\vmime\base.hpp">
      <Filter>Source Files</Filter>
    </ClInclude>
    <ClInclude Include="src\vmime\utility\encoder\binaryEncoder.hpp">
      <Filter>Source Files</Filter>
    </ClInclude>
    <ClInclude Include="src\vmime\body.hpp">
      <Filter>Source Files</Filter>
    </ClInclude>
    <ClInclude Include="src\vmime\bodyPart.hpp">
      <Filter>Source Files</Filter>
    </ClInclude>
    <ClInclude Include="src\vmime\bodyPartAttachment.hpp">
      <Filter>Source Files</Filter>
    </ClInclude>
    <ClInclude Include="src\vmime\security\sasl\builtinSASLMechanism.hpp">
      <Filter>Source Files</Filter>
    </ClInclude>
    <ClInclude Include="src\vmime\security\cert\certificate.hpp">
      <Filter>Source Files</Filter>
    </ClInclude>
    <ClInclude Include="src\vmime\security\cert\certificateChain.hpp">
      <Filter>Source Files</Filter>
    </ClInclude>
    <ClInclude Include="src\vmime\security\cert\certificateVerifier.hpp">
      <Filter>Source Files</Filter>
    </ClInclude>
    <ClInclude Include="src\vmime\charset.hpp">
      <Filter>Source Files</Filter>
    </ClInclude>
    <ClInclude Include="src\vmime\charsetConverter.hpp">
      <Filter>Source Files</Filter>
    </ClInclude>
    <ClInclude Include="src\vmime\charsetConverter_iconv.hpp">
      <Filter>Source Files</Filter>
    </ClInclude>
    <ClInclude Include="src\vmime\charsetConverter_icu.hpp">
      <Filter>Source Files</Filter>
    </ClInclude>
    <ClInclude Include="src\vmime\charsetConverter_idna.hpp">
      <Filter>Source Files</Filter>
    </ClInclude>
    <ClInclude Include="src\vmime\charsetConverter_Win.hpp">
      <Filter>Source Files</Filter>
    </ClInclude>
    <ClInclude Include="src\vmime\charsetConverterOptions.hpp">
      <Filter>Source Files</Filter>
    </ClInclude>
    <ClInclude Include="src\vmime\utility\childProcess.hpp">
      <Filter>Source Files</Filter>
    </ClInclude>
    <ClInclude Include="src\vmime\component.hpp">
      <Filter>Source Files</Filter>
    </ClInclude>
    <ClInclude Include="src\vmime\config.hpp">
      <Filter>Source Files</Filter>
    </ClInclude>
    <ClInclude Include="src\vmime\net\connectionInfos.hpp">
      <Filter>Source Files</Filter>
    </ClInclude>
    <ClInclude Include="src\vmime\constants.hpp">
      <Filter>Source Files</Filter>
    </ClInclude>
    <ClInclude Include="src\vmime\contentDisposition.hpp">
      <Filter>Source Files</Filter>
    </ClInclude>
    <ClInclude Include="src\vmime\contentDispositionField.hpp">
      <Filter>Source Files</Filter>
    </ClInclude>
    <ClInclude Include="src\vmime\contentHandler.hpp">
      <Filter>Source Files</Filter>
    </ClInclude>
    <ClInclude Include="src\vmime\contentTypeField.hpp">
      <Filter>Source Files</Filter>
    </ClInclude>
    <ClInclude Include="src\vmime\context.hpp">
      <Filter>Source Files</Filter>
    </ClInclude>
    <ClInclude Include="src\vmime\net\maildir\format\courierMaildirFormat.hpp">
      <Filter>Source Files</Filter>
    </ClInclude>
    <ClInclude Include="src\vmime\utility\sync\criticalSection.hpp">
      <Filter>Source Files</Filter>
    </ClInclude>
    <ClInclude Include="src\vmime\dateTime.hpp">
      <Filter>Source Files</Filter>
    </ClInclude>
    <ClInclude Include="src\vmime\utility\datetimeUtils.hpp">
      <Filter>Source Files</Filter>
    </ClInclude>
    <ClInclude Include="src\vmime\defaultAttachment.hpp">
      <Filter>Source Files</Filter>
    </ClInclude>
    <ClInclude Include="src\vmime\security\defaultAuthenticator.hpp">
      <Filter>Source Files</Filter>
    </ClInclude>
    <ClInclude Include="src\vmime\security\cert\defaultCertificateVerifier.hpp">
      <Filter>Source Files</Filter>
    </ClInclude>
    <ClInclude Include="src\vmime\net\defaultConnectionInfos.hpp">
      <Filter>Source Files</Filter>
    </ClInclude>
    <ClInclude Include="src\vmime\security\sasl\defaultSASLAuthenticator.hpp">
      <Filter>Source Files</Filter>
    </ClInclude>
    <ClInclude Include="src\vmime\disposition.hpp">
      <Filter>Source Files</Filter>
    </ClInclude>
    <ClInclude Include="src\vmime\utility\encoder\eightBitEncoder.hpp">
      <Filter>Source Files</Filter>
    </ClInclude>
    <ClInclude Include="src\vmime\emailAddress.hpp">
      <Filter>Source Files</Filter>
    </ClInclude>
    <ClInclude Include="src\vmime\emptyContentHandler.hpp">
      <Filter>Source Files</Filter>
    </ClInclude>
    <ClInclude Include="src\vmime\utility\encoder\encoder.hpp">
      <Filter>Source Files</Filter>
    </ClInclude>
    <ClInclude Include="src\vmime\utility\encoder\encoderFactory.hpp">
      <Filter>Source Files</Filter>
    </ClInclude>
    <ClInclude Include="src\vmime\encoding.hpp">
      <Filter>Source Files</Filter>
    </ClInclude>
    <ClInclude Include="src\vmime\net\events.hpp">
      <Filter>Source Files</Filter>
    </ClInclude>
    <ClInclude Include="src\vmime\exception.hpp">
      <Filter>Source Files</Filter>
    </ClInclude>
    <ClInclude Include="src\vmime\utility\file.hpp">
      <Filter>Source Files</Filter>
    </ClInclude>
    <ClInclude Include="src\vmime\fileAttachment.hpp">
      <Filter>Source Files</Filter>
    </ClInclude>
    <ClInclude Include="src\vmime\fileContentHandler.hpp">
      <Filter>Source Files</Filter>
    </ClInclude>
    <ClInclude Include="src\vmime\utility\filteredStream.hpp">
      <Filter>Source Files</Filter>
    </ClInclude>
    <ClInclude Include="src\vmime\net\folder.hpp">
      <Filter>Source Files</Filter>
    </ClInclude>
    <ClInclude Include="src\vmime\net\folderStatus.hpp">
      <Filter>Source Files</Filter>
    </ClInclude>
    <ClInclude Include="src\vmime\generatedMessageAttachment.hpp">
      <Filter>Source Files</Filter>
    </ClInclude>
    <ClInclude Include="src\vmime\generationContext.hpp">
      <Filter>Source Files</Filter>
    </ClInclude>
    <ClInclude Include="src\gsasl\gsasl.h">
      <Filter>Source Files</Filter>
    </ClInclude>
    <ClInclude Include="src\vmime\header.hpp">
      <Filter>Source Files</Filter>
    </ClInclude>
    <ClInclude Include="src\vmime\headerField.hpp">
      <Filter>Source Files</Filter>
    </ClInclude>
    <ClInclude Include="src\vmime\headerFieldFactory.hpp">
      <Filter>Source Files</Filter>
    </ClInclude>
    <ClInclude Include="src\vmime\headerFieldValue.hpp">
      <Filter>Source Files</Filter>
    </ClInclude>
    <ClInclude Include="src\vmime\htmlTextPart.hpp">
      <Filter>Source Files</Filter>
    </ClInclude>
    <ClInclude Include="src\vmime\net\imap\IMAPConnection.hpp">
      <Filter>Source Files</Filter>
    </ClInclude>
    <ClInclude Include="src\vmime\net\imap\IMAPFolder.hpp">
      <Filter>Source Files</Filter>
    </ClInclude>
    <ClInclude Include="src\vmime\net\imap\IMAPFolderStatus.hpp">
      <Filter>Source Files</Filter>
    </ClInclude>
    <ClInclude Include="src\vmime\net\imap\IMAPMessage.hpp">
      <Filter>Source Files</Filter>
    </ClInclude>
    <ClInclude Include="src\vmime\net\imap\IMAPMessagePart.hpp">
      <Filter>Source Files</Filter>
    </ClInclude>
    <ClInclude Include="src\vmime\net\imap\IMAPMessagePartContentHandler.hpp">
      <Filter>Source Files</Filter>
    </ClInclude>
    <ClInclude Include="src\vmime\net\imap\IMAPMessageStructure.hpp">
      <Filter>Source Files</Filter>
    </ClInclude>
    <ClInclude Include="src\vmime\net\imap\IMAPParser.hpp">
      <Filter>Source Files</Filter>
    </ClInclude>
    <ClInclude Include="src\vmime\net\imap\IMAPServiceInfos.hpp">
      <Filter>Source Files</Filter>
    </ClInclude>
    <ClInclude Include="src\vmime\net\imap\IMAPSStore.hpp">
      <Filter>Source Files</Filter>
    </ClInclude>
    <ClInclude Include="src\vmime\net\imap\IMAPStore.hpp">
      <Filter>Source Files</Filter>
    </ClInclude>
    <ClInclude Include="src\vmime\net\imap\IMAPTag.hpp">
      <Filter>Source Files</Filter>
    </ClInclude>
    <ClInclude Include="src\vmime\net\imap\IMAPUtils.hpp">
      <Filter>Source Files</Filter>
    </ClInclude>
    <ClInclude Include="src\vmime\misc\importanceHelper.hpp">
      <Filter>Source Files</Filter>
    </ClInclude>
    <ClInclude Include="src\vmime\utility\inputStream.hpp">
      <Filter>Source Files</Filter>
    </ClInclude>
    <ClInclude Include="src\vmime\utility\inputStreamAdapter.hpp">
      <Filter>Source Files</Filter>
    </ClInclude>
    <ClInclude Include="src\vmime\utility\inputStreamByteBufferAdapter.hpp">
      <Filter>Source Files</Filter>
    </ClInclude>
    <ClInclude Include="src\vmime\utility\inputStreamPointerAdapter.hpp">
      <Filter>Source Files</Filter>
    </ClInclude>
    <ClInclude Include="src\vmime\utility\inputStreamSocketAdapter.hpp">
      <Filter>Source Files</Filter>
    </ClInclude>
    <ClInclude Include="src\vmime\utility\inputStreamStringAdapter.hpp">
      <Filter>Source Files</Filter>
    </ClInclude>
    <ClInclude Include="src\vmime\utility\inputStreamStringProxyAdapter.hpp">
      <Filter>Source Files</Filter>
    </ClInclude>
    <ClInclude Include="src\vmime\net\maildir\format\kmailMaildirFormat.hpp">
      <Filter>Source Files</Filter>
    </ClInclude>
    <ClInclude Include="src\vmime\mailbox.hpp">
      <Filter>Source Files</Filter>
    </ClInclude>
    <ClInclude Include="src\vmime\mailboxField.hpp">
      <Filter>Source Files</Filter>
    </ClInclude>
    <ClInclude Include="src\vmime\mailboxGroup.hpp">
      <Filter>Source Files</Filter>
    </ClInclude>
    <ClInclude Include="src\vmime\mailboxList.hpp">
      <Filter>Source Files</Filter>
    </ClInclude>
    <ClInclude Include="src\vmime\net\maildir\maildirFolder.hpp">
      <Filter>Source Files</Filter>
    </ClInclude>
    <ClInclude Include="src\vmime\net\maildir\maildirFolderStatus.hpp">
      <Filter>Source Files</Filter>
    </ClInclude>
    <ClInclude Include="src\vmime\net\maildir\maildirFormat.hpp">
      <Filter>Source Files</Filter>
    </ClInclude>
    <ClInclude Include="src\vmime\net\maildir\maildirMessage.hpp">
      <Filter>Source Files</Filter>
    </ClInclude>
    <ClInclude Include="src\vmime\net\maildir\maildirMessagePart.hpp">
      <Filter>Source Files</Filter>
    </ClInclude>
    <ClInclude Include="src\vmime\net\maildir\maildirMessageStructure.hpp">
      <Filter>Source Files</Filter>
    </ClInclude>
    <ClInclude Include="src\vmime\net\maildir\maildirServiceInfos.hpp">
      <Filter>Source Files</Filter>
    </ClInclude>
    <ClInclude Include="src\vmime\net\maildir\maildirStore.hpp">
      <Filter>Source Files</Filter>
    </ClInclude>
    <ClInclude Include="src\vmime\net\maildir\maildirUtils.hpp">
      <Filter>Source Files</Filter>
    </ClInclude>
    <ClInclude Include="src\vmime\security\digest\md5\md5MessageDigest.hpp">
      <Filter>Source Files</Filter>
    </ClInclude>
    <ClInclude Include="src\vmime\mdn\MDNHelper.hpp">
      <Filter>Source Files</Filter>
    </ClInclude>
    <ClInclude Include="src\vmime\mdn\MDNInfos.hpp">
      <Filter>Source Files</Filter>
    </ClInclude>
    <ClInclude Include="src\vmime\mediaType.hpp">
      <Filter>Source Files</Filter>
    </ClInclude>
    <ClInclude Include="src\vmime\message.hpp">
      <Filter>Source Files</Filter>
    </ClInclude>
    <ClInclude Include="src\vmime\net\message.hpp">
      <Filter>Source Files</Filter>
    </ClInclude>
    <ClInclude Include="src\vmime\messageAttachment.hpp">
      <Filter>Source Files</Filter>
    </ClInclude>
    <ClInclude Include="src\vmime\messageBuilder.hpp">
      <Filter>Source Files</Filter>
    </ClInclude>
    <ClInclude Include="src\vmime\security\digest\messageDigest.hpp">
      <Filter>Source Files</Filter>
    </ClInclude>
    <ClInclude Include="src\vmime\security\digest\messageDigestFactory.hpp">
      <Filter>Source Files</Filter>
    </ClInclude>
    <ClInclude Include="src\vmime\messageId.hpp">
      <Filter>Source Files</Filter>
    </ClInclude>
    <ClInclude Include="src\vmime\messageIdSequence.hpp">
      <Filter>Source Files</Filter>
    </ClInclude>
    <ClInclude Include="src\vmime\messageParser.hpp">
      <Filter>Source Files</Filter>
    </ClInclude>
    <ClInclude Include="src\vmime\net\messageSet.hpp">
      <Filter>Source Files</Filter>
    </ClInclude>
    <ClInclude Include="src\vmime\utility\encoder\noopEncoder.hpp">
      <Filter>Source Files</Filter>
    </ClInclude>
    <ClInclude Include="src\vmime\object.hpp">
      <Filter>Source Files</Filter>
    </ClInclude>
    <ClInclude Include="src\vmime\net\tls\openssl\OpenSSLInitializer.hpp">
      <Filter>Source Files</Filter>
    </ClInclude>
    <ClInclude Include="src\vmime\utility\outputStream.hpp">
      <Filter>Source Files</Filter>
    </ClInclude>
    <ClInclude Include="src\vmime\utility\outputStreamAdapter.hpp">
      <Filter>Source Files</Filter>
    </ClInclude>
    <ClInclude Include="src\vmime\utility\outputStreamByteArrayAdapter.hpp">
      <Filter>Source Files</Filter>
    </ClInclude>
    <ClInclude Include="src\vmime\utility\outputStreamSocketAdapter.hpp">
      <Filter>Source Files</Filter>
    </ClInclude>
    <ClInclude Include="src\vmime\utility\outputStreamStringAdapter.hpp">
      <Filter>Source Files</Filter>
    </ClInclude>
    <ClInclude Include="src\vmime\parameter.hpp">
      <Filter>Source Files</Filter>
    </ClInclude>
    <ClInclude Include="src\vmime\parameterizedHeaderField.hpp">
      <Filter>Source Files</Filter>
    </ClInclude>
    <ClInclude Include="src\vmime\parsedMessageAttachment.hpp">
      <Filter>Source Files</Filter>
    </ClInclude>
    <ClInclude Include="src\vmime\parserHelpers.hpp">
      <Filter>Source Files</Filter>
    </ClInclude>
    <ClInclude Include="src\vmime\utility\parserInputStreamAdapter.hpp">
      <Filter>Source Files</Filter>
    </ClInclude>
    <ClInclude Include="src\vmime\parsingContext.hpp">
      <Filter>Source Files</Filter>
    </ClInclude>
    <ClInclude Include="src\vmime\path.hpp">
      <Filter>Source Files</Filter>
    </ClInclude>
    <ClInclude Include="src\vmime\utility\path.hpp">
      <Filter>Source Files</Filter>
    </ClInclude>
    <ClInclude Include="src\vmime\plainTextPart.hpp">
      <Filter>Source Files</Filter>
    </ClInclude>
    <ClInclude Include="src\vmime\platform.hpp">
      <Filter>Source Files</Filter>
    </ClInclude>
    <ClInclude Include="src\vmime\net\pop3\POP3Command.hpp">
      <Filter>Source Files</Filter>
    </ClInclude>
    <ClInclude Include="src\vmime\net\pop3\POP3Connection.hpp">
      <Filter>Source Files</Filter>
    </ClInclude>
    <ClInclude Include="src\vmime\net\pop3\POP3Folder.hpp">
      <Filter>Source Files</Filter>
    </ClInclude>
    <ClInclude Include="src\vmime\net\pop3\POP3FolderStatus.hpp">
      <Filter>Source Files</Filter>
    </ClInclude>
    <ClInclude Include="src\vmime\net\pop3\POP3Message.hpp">
      <Filter>Source Files</Filter>
    </ClInclude>
    <ClInclude Include="src\vmime\net\pop3\POP3Response.hpp">
      <Filter>Source Files</Filter>
    </ClInclude>
    <ClInclude Include="src\vmime\net\pop3\POP3ServiceInfos.hpp">
      <Filter>Source Files</Filter>
    </ClInclude>
    <ClInclude Include="src\vmime\net\pop3\POP3SStore.hpp">
      <Filter>Source Files</Filter>
    </ClInclude>
    <ClInclude Include="src\vmime\net\pop3\POP3Store.hpp">
      <Filter>Source Files</Filter>
    </ClInclude>
    <ClInclude Include="src\vmime\net\pop3\POP3Utils.hpp">
      <Filter>Source Files</Filter>
    </ClInclude>
    <ClInclude Include="src\vmime\utility\progressListener.hpp">
      <Filter>Source Files</Filter>
    </ClInclude>
    <ClInclude Include="src\vmime\propertySet.hpp">
      <Filter>Source Files</Filter>
    </ClInclude>
    <ClInclude Include="src\vmime\utility\encoder\qpEncoder.hpp">
      <Filter>Source Files</Filter>
    </ClInclude>
    <ClInclude Include="src\vmime\utility\random.hpp">
      <Filter>Source Files</Filter>
    </ClInclude>
    <ClInclude Include="src\vmime\mdn\receivedMDNInfos.hpp">
      <Filter>Source Files</Filter>
    </ClInclude>
    <ClInclude Include="src\vmime\relay.hpp">
      <Filter>Source Files</Filter>
    </ClInclude>
    <ClInclude Include="src\vmime\security\sasl\SASLAuthenticator.hpp">
      <Filter>Source Files</Filter>
    </ClInclude>
    <ClInclude Include="src\vmime\security\sasl\SASLContext.hpp">
      <Filter>Source Files</Filter>
    </ClInclude>
    <ClInclude Include="src\vmime\security\sasl\SASLMechanism.hpp">
      <Filter>Source Files</Filter>
    </ClInclude>
    <ClInclude Include="src\vmime\security\sasl\SASLMechanismFactory.hpp">
      <Filter>Source Files</Filter>
    </ClInclude>
    <ClInclude Include="src\vmime\security\sasl\SASLSession.hpp">
      <Filter>Source Files</Filter>
    </ClInclude>
    <ClInclude Include="src\vmime\security\sasl\SASLSocket.hpp">
      <Filter>Source Files</Filter>
    </ClInclude>
    <ClInclude Include="src\vmime\net\securedConnectionInfos.hpp">
      <Filter>Source Files</Filter>
    </ClInclude>
    <ClInclude Include="src\vmime\utility\seekableInputStream.hpp">
      <Filter>Source Files</Filter>
    </ClInclude>
    <ClInclude Include="src\vmime\utility\seekableInputStreamRegionAdapter.hpp">
      <Filter>Source Files</Filter>
    </ClInclude>
    <ClInclude Include="src\vmime\mdn\sendableMDNInfos.hpp">
      <Filter>Source Files</Filter>
    </ClInclude>
    <ClInclude Include="src\vmime\net\sendmail\sendmailServiceInfos.hpp">
      <Filter>Source Files</Filter>
    </ClInclude>
    <ClInclude Include="src\vmime\net\sendmail\sendmailTransport.hpp">
      <Filter>Source Files</Filter>
    </ClInclude>
    <ClInclude Include="src\vmime\net\service.hpp">
      <Filter>Source Files</Filter>
    </ClInclude>
    <ClInclude Include="src\vmime\net\serviceFactory.hpp">
      <Filter>Source Files</Filter>
    </ClInclude>
    <ClInclude Include="src\vmime\net\serviceInfos.hpp">
      <Filter>Source Files</Filter>
    </ClInclude>
    <ClInclude Include="src\vmime\net\session.hpp">
      <Filter>Source Files</Filter>
    </ClInclude>
    <ClInclude Include="src\vmime\utility\encoder\sevenBitEncoder.hpp">
      <Filter>Source Files</Filter>
    </ClInclude>
    <ClInclude Include="src\vmime\security\digest\sha1\sha1MessageDigest.hpp">
      <Filter>Source Files</Filter>
    </ClInclude>
    <ClInclude Include="src\vmime\utility\smartPtr.hpp">
      <Filter>Source Files</Filter>
    </ClInclude>
    <ClInclude Include="src\vmime\utility\smartPtrInt.hpp">
      <Filter>Source Files</Filter>
    </ClInclude>
    <ClInclude Include="src\vmime\net\smtp\SMTPChunkingOutputStreamAdapter.hpp">
      <Filter>Source Files</Filter>
    </ClInclude>
    <ClInclude Include="src\vmime\net\smtp\SMTPCommand.hpp">
      <Filter>Source Files</Filter>
    </ClInclude>
    <ClInclude Include="src\vmime\net\smtp\SMTPCommandSet.hpp">
      <Filter>Source Files</Filter>
    </ClInclude>
    <ClInclude Include="src\vmime\net\smtp\SMTPConnection.hpp">
      <Filter>Source Files</Filter>
    </ClInclude>
    <ClInclude Include="src\vmime\net\smtp\SMTPExceptions.hpp">
      <Filter>Source Files</Filter>
    </ClInclude>
    <ClInclude Include="src\vmime\net\smtp\SMTPResponse.hpp">
      <Filter>Source Files</Filter>
    </ClInclude>
    <ClInclude Include="src\vmime\net\smtp\SMTPServiceInfos.hpp">
      <Filter>Source Files</Filter>
    </ClInclude>
    <ClInclude Include="src\vmime\net\smtp\SMTPSTransport.hpp">
      <Filter>Source Files</Filter>
    </ClInclude>
    <ClInclude Include="src\vmime\net\smtp\SMTPTransport.hpp">
      <Filter>Source Files</Filter>
    </ClInclude>
    <ClInclude Include="src\vmime\net\socket.hpp">
      <Filter>Source Files</Filter>
    </ClInclude>
    <ClInclude Include="src\vmime\net\store.hpp">
      <Filter>Source Files</Filter>
    </ClInclude>
    <ClInclude Include="src\vmime\utility\stream.hpp">
      <Filter>Source Files</Filter>
    </ClInclude>
    <ClInclude Include="src\vmime\streamContentHandler.hpp">
      <Filter>Source Files</Filter>
    </ClInclude>
    <ClInclude Include="src\vmime\utility\streamUtils.hpp">
      <Filter>Source Files</Filter>
    </ClInclude>
    <ClInclude Include="src\vmime\stringContentHandler.hpp">
      <Filter>Source Files</Filter>
    </ClInclude>
    <ClInclude Include="src\vmime\utility\stringProxy.hpp">
      <Filter>Source Files</Filter>
    </ClInclude>
    <ClInclude Include="src\vmime\utility\stringUtils.hpp">
      <Filter>Source Files</Filter>
    </ClInclude>
    <ClInclude Include="src\vmime\text.hpp">
      <Filter>Source Files</Filter>
    </ClInclude>
    <ClInclude Include="src\vmime\textPart.hpp">
      <Filter>Source Files</Filter>
    </ClInclude>
    <ClInclude Include="src\vmime\textPartFactory.hpp">
      <Filter>Source Files</Filter>
    </ClInclude>
    <ClInclude Include="src\vmime\net\timeoutHandler.hpp">
      <Filter>Source Files</Filter>
    </ClInclude>
    <ClInclude Include="src\vmime\net\tls\TLSProperties.hpp">
      <Filter>Source Files</Filter>
    </ClInclude>
    <ClInclude Include="src\vmime\net\tls\gnutls\TLSProperties_GnuTLS.hpp">
      <Filter>Source Files</Filter>
    </ClInclude>
    <ClInclude Include="src\vmime\net\tls\openssl\TLSProperties_OpenSSL.hpp">
      <Filter>Source Files</Filter>
    </ClInclude>
    <ClInclude Include="src\vmime\net\tls\TLSSecuredConnectionInfos.hpp">
      <Filter>Source Files</Filter>
    </ClInclude>
    <ClInclude Include="src\vmime\net\tls\TLSSession.hpp">
      <Filter>Source Files</Filter>
    </ClInclude>
    <ClInclude Include="src\vmime\net\tls\gnutls\TLSSession_GnuTLS.hpp">
      <Filter>Source Files</Filter>
    </ClInclude>
    <ClInclude Include="src\vmime\net\tls\openssl\TLSSession_OpenSSL.hpp">
      <Filter>Source Files</Filter>
    </ClInclude>
    <ClInclude Include="src\vmime\net\tls\TLSSocket.hpp">
      <Filter>Source Files</Filter>
    </ClInclude>
    <ClInclude Include="src\vmime\net\tls\gnutls\TLSSocket_GnuTLS.hpp">
      <Filter>Source Files</Filter>
    </ClInclude>
    <ClInclude Include="src\vmime\net\tls\openssl\TLSSocket_OpenSSL.hpp">
      <Filter>Source Files</Filter>
    </ClInclude>
    <ClInclude Include="src\vmime\net\transport.hpp">
      <Filter>Source Files</Filter>
    </ClInclude>
    <ClInclude Include="src\vmime\types.hpp">
      <Filter>Source Files</Filter>
    </ClInclude>
    <ClInclude Include="src\vmime\utility\url.hpp">
      <Filter>Source Files</Filter>
    </ClInclude>
    <ClInclude Include="src\vmime\utility\urlUtils.hpp">
      <Filter>Source Files</Filter>
    </ClInclude>
    <ClInclude Include="src\vmime\utility\encoder\uuEncoder.hpp">
      <Filter>Source Files</Filter>
    </ClInclude>
    <ClInclude Include="src\vmime\vmime.hpp">
      <Filter>Source Files</Filter>
    </ClInclude>
    <ClInclude Include="src\vmime\platforms\windows\windowsCodepages.hpp">
      <Filter>Source Files</Filter>
    </ClInclude>
    <ClInclude Include="src\vmime\platforms\windows\windowsCriticalSection.hpp">
      <Filter>Source Files</Filter>
    </ClInclude>
    <ClInclude Include="src\vmime\platforms\windows\windowsFile.hpp">
      <Filter>Source Files</Filter>
    </ClInclude>
    <ClInclude Include="src\vmime\platforms\windows\windowsHandler.hpp">
      <Filter>Source Files</Filter>
    </ClInclude>
    <ClInclude Include="src\vmime\platforms\windows\windowsSocket.hpp">
      <Filter>Source Files</Filter>
    </ClInclude>
    <ClInclude Include="src\vmime\word.hpp">
      <Filter>Source Files</Filter>
    </ClInclude>
    <ClInclude Include="src\vmime\wordEncoder.hpp">
      <Filter>Source Files</Filter>
    </ClInclude>
    <ClInclude Include="src\vmime\security\cert\X509Certificate.hpp">
      <Filter>Source Files</Filter>
    </ClInclude>
    <ClInclude Include="src\vmime\security\cert\gnutls\X509Certificate_GnuTLS.hpp">
      <Filter>Source Files</Filter>
    </ClInclude>
    <ClInclude Include="src\vmime\security\cert\openssl\X509Certificate_OpenSSL.hpp">
      <Filter>Source Files</Filter>
    </ClInclude>
  </ItemGroup>
  <ItemGroup>
    <None Include="src\vmime\net\builtinServices.inl">
      <Filter>Source Files</Filter>
    </None>
    <None Include="src\vmime\net\serviceRegistration.inl">
      <Filter>Source Files</Filter>
    </None>
  </ItemGroup>
</Project>